{
    "version": 4,
    "terraform_version": "1.3.6",
    "serial": 13,
    "lineage": "7a1905bb-b49d-a48f-73e0-9d1c7b7d03d1",
    "outputs": {},
    "resources": [
        {
            "mode": "managed",
            "type": "google_storage_bucket_iam_member",
            "name": "artifacts_readers",
            "provider": "provider[\"registry.terraform.io/hashicorp/google\"]",
            "instances": [
                {
                    "schema_version": 0,
                    "attributes": {
                        "bucket": "b/my-gcs-bucket",
                        "condition": [],
                        "etag": "CAU=",
                        "id": "b/my-gcs-bucket/roles/storage.objectViewer/serviceAccount:my-service-account@my-project.iam.gserviceaccount.com",
                        "member": "serviceAccount:my-service-account@my-project.iam.gserviceaccount.com",
                        "role": "roles/storage.objectViewer"
                    },
                    "sensitive_attributes": [],
                    "private": "bnVsbA=="
                }
            ]
        }
    ],
    "check_results": null
}
